
Microsoft Visual Studio Solution File, Format Version 12.00
# Visual Studio Version 17
VisualStudioVersion = 17.9.34622.214
MinimumVisualStudioVersion = 10.0.40219.1
Project("{FAE04EC0-301F-11D3-BF4B-00C04F79EFBC}") = "GameStore.FrontEnd", "GameStore.FrontEnd\GameStore.FrontEnd.csproj", "{ECD4849C-1953-45A9-9E7F-65281EB459EA}"
EndProject
Global
	GlobalSection(SolutionConfigurationPlatforms) = preSolution
		Debug|Any CPU = Debug|Any CPU
		Release|Any CPU = Release|Any CPU
	EndGlobalSection
	GlobalSection(ProjectConfigurationPlatforms) = postSolution
		{ECD4849C-1953-45A9-9E7F-65281EB459EA}.Debug|Any CPU.ActiveCfg = Debug|Any CPU
		{ECD4849C-1953-45A9-9E7F-65281EB459EA}.Debug|Any CPU.Build.0 = Debug|Any CPU
		{ECD4849C-1953-45A9-9E7F-65281EB459EA}.Release|Any CPU.ActiveCfg = Release|Any CPU
		{ECD4849C-1953-45A9-9E7F-65281EB459EA}.Release|Any CPU.Build.0 = Release|Any CPU
	EndGlobalSection
	GlobalSection(SolutionProperties) = preSolution
		HideSolutionNode = FALSE
	EndGlobalSection
	GlobalSection(ExtensibilityGlobals) = postSolution
		SolutionGuid = {E897F336-3467-400C-B041-0D9A6FBD7FB3}
	EndGlobalSection
EndGlobal
